// !$*UTF8*$!
{
	archiveVersion = 1;
	classes = {
	};
	objectVersion = 56;
	objects = {

/* Begin PBXBuildFile section */
		B1000001 /* HealthFitApp.swift in Sources */ = {isa = PBXBuildFile; fileRef = F1000001 /* HealthFitApp.swift */; };
		B1000002 /* UserProfile.swift in Sources */ = {isa = PBXBuildFile; fileRef = F1000002 /* UserProfile.swift */; };
		B1000003 /* WorkoutModels.swift in Sources */ = {isa = PBXBuildFile; fileRef = F1000003 /* WorkoutModels.swift */; };
		B1000004 /* MealModels.swift in Sources */ = {isa = PBXBuildFile; fileRef = F1000004 /* MealModels.swift */; };
		B1000005 /* AuthService.swift in Sources */ = {isa = PBXBuildFile; fileRef = F1000005 /* AuthService.swift */; };
		B1000006 /* HealthKitManager.swift in Sources */ = {isa = PBXBuildFile; fileRef = F1000006 /* HealthKitManager.swift */; };
		B1000007 /* WorkoutStore.swift in Sources */ = {isa = PBXBuildFile; fileRef = F1000007 /* WorkoutStore.swift */; };
		B1000008 /* MealPlanService.swift in Sources */ = {isa = PBXBuildFile; fileRef = F1000008 /* MealPlanService.swift */; };
		B1000009 /* NotificationService.swift in Sources */ = {isa = PBXBuildFile; fileRef = F1000009 /* NotificationService.swift */; };
		B1000010 /* RestTimerService.swift in Sources */ = {isa = PBXBuildFile; fileRef = F1000010 /* RestTimerService.swift */; };
		B1000011 /* WatchConnectivityManager.swift in Sources */ = {isa = PBXBuildFile; fileRef = F1000011 /* WatchConnectivityManager.swift */; };
		B1000012 /* VisionWorkoutService.swift in Sources */ = {isa = PBXBuildFile; fileRef = F1000012 /* VisionWorkoutService.swift */; };
		B1000013 /* AppTheme.swift in Sources */ = {isa = PBXBuildFile; fileRef = F1000013 /* AppTheme.swift */; };
		B1000014 /* RootView.swift in Sources */ = {isa = PBXBuildFile; fileRef = F1000014 /* RootView.swift */; };
		B1000015 /* LoginView.swift in Sources */ = {isa = PBXBuildFile; fileRef = F1000015 /* LoginView.swift */; };
		B1000016 /* RegisterView.swift in Sources */ = {isa = PBXBuildFile; fileRef = F1000016 /* RegisterView.swift */; };
		B1000017 /* MainTabView.swift in Sources */ = {isa = PBXBuildFile; fileRef = F1000017 /* MainTabView.swift */; };
		B1000018 /* DashboardView.swift in Sources */ = {isa = PBXBuildFile; fileRef = F1000018 /* DashboardView.swift */; };
		B1000019 /* HealthChartsView.swift in Sources */ = {isa = PBXBuildFile; fileRef = F1000019 /* HealthChartsView.swift */; };
		B1000020 /* WorkoutListView.swift in Sources */ = {isa = PBXBuildFile; fileRef = F1000020 /* WorkoutListView.swift */; };
		B1000021 /* WorkoutDetailView.swift in Sources */ = {isa = PBXBuildFile; fileRef = F1000021 /* WorkoutDetailView.swift */; };
		B1000022 /* ActiveWorkoutView.swift in Sources */ = {isa = PBXBuildFile; fileRef = F1000022 /* ActiveWorkoutView.swift */; };
		B1000023 /* CreateWorkoutView.swift in Sources */ = {isa = PBXBuildFile; fileRef = F1000023 /* CreateWorkoutView.swift */; };
		B1000035 /* WorkoutSummaryView.swift in Sources */ = {isa = PBXBuildFile; fileRef = F1000038 /* WorkoutSummaryView.swift */; };
		B1000036 /* MotivationMessages.swift in Sources */ = {isa = PBXBuildFile; fileRef = F1000039 /* MotivationMessages.swift */; };
		B1000037 /* WorkoutReportBuilder.swift in Sources */ = {isa = PBXBuildFile; fileRef = F1000040 /* WorkoutReportBuilder.swift */; };
		B1000039 /* MailComposeView.swift in Sources */ = {isa = PBXBuildFile; fileRef = F1000041 /* MailComposeView.swift */; };
		B1000024 /* CameraPreviewView.swift in Sources */ = {isa = PBXBuildFile; fileRef = F1000024 /* CameraPreviewView.swift */; };
		B1000025 /* VisionWorkoutView.swift in Sources */ = {isa = PBXBuildFile; fileRef = F1000025 /* VisionWorkoutView.swift */; };
		B1000026 /* MealPlanView.swift in Sources */ = {isa = PBXBuildFile; fileRef = F1000026 /* MealPlanView.swift */; };
		B1000027 /* ShoppingListView.swift in Sources */ = {isa = PBXBuildFile; fileRef = F1000027 /* ShoppingListView.swift */; };
		B1000028 /* ProfileView.swift in Sources */ = {isa = PBXBuildFile; fileRef = F1000028 /* ProfileView.swift */; };
		B1000029 /* Assets.xcassets in Resources */ = {isa = PBXBuildFile; fileRef = F1000029 /* Assets.xcassets */; };
		B1000030 /* HealthFitWatchApp.swift in Sources */ = {isa = PBXBuildFile; fileRef = F1000030 /* HealthFitWatchApp.swift */; };
		B1000031 /* WatchContentView.swift in Sources */ = {isa = PBXBuildFile; fileRef = F1000031 /* WatchContentView.swift */; };
		B1000032 /* WatchWorkoutManager.swift in Sources */ = {isa = PBXBuildFile; fileRef = F1000032 /* WatchWorkoutManager.swift */; };
		B1000033 /* Assets.xcassets in Resources */ = {isa = PBXBuildFile; fileRef = F1000033 /* Assets.xcassets */; };
		B1000034 /* HealthFitWatch.app in Embed Watch Content */ = {isa = PBXBuildFile; fileRef = F1000034 /* HealthFitWatch.app */; settings = {ATTRIBUTES = (RemoveHeadersOnCopy, ); }; };
/* End PBXBuildFile section */

/* Begin PBXContainerItemProxy section */
		C1000001 /* PBXContainerItemProxy */ = {
			isa = PBXContainerItemProxy;
			containerPortal = P1000001 /* Project object */;
			proxyType = 1;
			remoteGlobalIDString = T1000002;
			remoteInfo = HealthFitWatch;
		};
/* End PBXContainerItemProxy section */

/* Begin PBXCopyFilesBuildPhase section */
		CP100001 /* Embed Watch Content */ = {
			isa = PBXCopyFilesBuildPhase;
			buildActionMask = 2147483647;
			dstPath = "$(CONTENTS_FOLDER_PATH)/Watch";
			dstSubfolderSpec = 16;
			files = (
				B1000034 /* HealthFitWatch.app in Embed Watch Content */,
			);
			name = "Embed Watch Content";
			runOnlyForDeploymentPostprocessing = 0;
		};
/* End PBXCopyFilesBuildPhase section */

/* Begin PBXFileReference section */
		F1000001 /* HealthFitApp.swift */ = {isa = PBXFileReference; lastKnownFileType = sourcecode.swift; path = HealthFitApp.swift; sourceTree = "<group>"; };
		F1000002 /* UserProfile.swift */ = {isa = PBXFileReference; lastKnownFileType = sourcecode.swift; path = UserProfile.swift; sourceTree = "<group>"; };
		F1000003 /* WorkoutModels.swift */ = {isa = PBXFileReference; lastKnownFileType = sourcecode.swift; path = WorkoutModels.swift; sourceTree = "<group>"; };
		F1000004 /* MealModels.swift */ = {isa = PBXFileReference; lastKnownFileType = sourcecode.swift; path = MealModels.swift; sourceTree = "<group>"; };
		F1000005 /* AuthService.swift */ = {isa = PBXFileReference; lastKnownFileType = sourcecode.swift; path = AuthService.swift; sourceTree = "<group>"; };
		F1000006 /* HealthKitManager.swift */ = {isa = PBXFileReference; lastKnownFileType = sourcecode.swift; path = HealthKitManager.swift; sourceTree = "<group>"; };
		F1000007 /* WorkoutStore.swift */ = {isa = PBXFileReference; lastKnownFileType = sourcecode.swift; path = WorkoutStore.swift; sourceTree = "<group>"; };
		F1000008 /* MealPlanService.swift */ = {isa = PBXFileReference; lastKnownFileType = sourcecode.swift; path = MealPlanService.swift; sourceTree = "<group>"; };
		F1000009 /* NotificationService.swift */ = {isa = PBXFileReference; lastKnownFileType = sourcecode.swift; path = NotificationService.swift; sourceTree = "<group>"; };
		F1000010 /* RestTimerService.swift */ = {isa = PBXFileReference; lastKnownFileType = sourcecode.swift; path = RestTimerService.swift; sourceTree = "<group>"; };
		F1000011 /* WatchConnectivityManager.swift */ = {isa = PBXFileReference; lastKnownFileType = sourcecode.swift; path = WatchConnectivityManager.swift; sourceTree = "<group>"; };
		F1000012 /* VisionWorkoutService.swift */ = {isa = PBXFileReference; lastKnownFileType = sourcecode.swift; path = VisionWorkoutService.swift; sourceTree = "<group>"; };
		F1000013 /* AppTheme.swift */ = {isa = PBXFileReference; lastKnownFileType = sourcecode.swift; path = AppTheme.swift; sourceTree = "<group>"; };
		F1000014 /* RootView.swift */ = {isa = PBXFileReference; lastKnownFileType = sourcecode.swift; path = RootView.swift; sourceTree = "<group>"; };
		F1000015 /* LoginView.swift */ = {isa = PBXFileReference; lastKnownFileType = sourcecode.swift; path = LoginView.swift; sourceTree = "<group>"; };
		F1000016 /* RegisterView.swift */ = {isa = PBXFileReference; lastKnownFileType = sourcecode.swift; path = RegisterView.swift; sourceTree = "<group>"; };
		F1000017 /* MainTabView.swift */ = {isa = PBXFileReference; lastKnownFileType = sourcecode.swift; path = MainTabView.swift; sourceTree = "<group>"; };
		F1000018 /* DashboardView.swift */ = {isa = PBXFileReference; lastKnownFileType = sourcecode.swift; path = DashboardView.swift; sourceTree = "<group>"; };
		F1000019 /* HealthChartsView.swift */ = {isa = PBXFileReference; lastKnownFileType = sourcecode.swift; path = HealthChartsView.swift; sourceTree = "<group>"; };
		F1000020 /* WorkoutListView.swift */ = {isa = PBXFileReference; lastKnownFileType = sourcecode.swift; path = WorkoutListView.swift; sourceTree = "<group>"; };
		F1000021 /* WorkoutDetailView.swift */ = {isa = PBXFileReference; lastKnownFileType = sourcecode.swift; path = WorkoutDetailView.swift; sourceTree = "<group>"; };
		F1000022 /* ActiveWorkoutView.swift */ = {isa = PBXFileReference; lastKnownFileType = sourcecode.swift; path = ActiveWorkoutView.swift; sourceTree = "<group>"; };
		F1000023 /* CreateWorkoutView.swift */ = {isa = PBXFileReference; lastKnownFileType = sourcecode.swift; path = CreateWorkoutView.swift; sourceTree = "<group>"; };
		F1000024 /* CameraPreviewView.swift */ = {isa = PBXFileReference; lastKnownFileType = sourcecode.swift; path = CameraPreviewView.swift; sourceTree = "<group>"; };
		F1000025 /* VisionWorkoutView.swift */ = {isa = PBXFileReference; lastKnownFileType = sourcecode.swift; path = VisionWorkoutView.swift; sourceTree = "<group>"; };
		F1000026 /* MealPlanView.swift */ = {isa = PBXFileReference; lastKnownFileType = sourcecode.swift; path = MealPlanView.swift; sourceTree = "<group>"; };
		F1000027 /* ShoppingListView.swift */ = {isa = PBXFileReference; lastKnownFileType = sourcecode.swift; path = ShoppingListView.swift; sourceTree = "<group>"; };
		F1000028 /* ProfileView.swift */ = {isa = PBXFileReference; lastKnownFileType = sourcecode.swift; path = ProfileView.swift; sourceTree = "<group>"; };
		F1000029 /* Assets.xcassets */ = {isa = PBXFileReference; lastKnownFileType = folder.assetcatalog; path = Assets.xcassets; sourceTree = "<group>"; };
		F1000030 /* HealthFitWatchApp.swift */ = {isa = PBXFileReference; lastKnownFileType = sourcecode.swift; path = HealthFitWatchApp.swift; sourceTree = "<group>"; };
		F1000031 /* WatchContentView.swift */ = {isa = PBXFileReference; lastKnownFileType = sourcecode.swift; path = WatchContentView.swift; sourceTree = "<group>"; };
		F1000032 /* WatchWorkoutManager.swift */ = {isa = PBXFileReference; lastKnownFileType = sourcecode.swift; path = WatchWorkoutManager.swift; sourceTree = "<group>"; };
		F1000033 /* Assets.xcassets */ = {isa = PBXFileReference; lastKnownFileType = folder.assetcatalog; path = Assets.xcassets; sourceTree = "<group>"; };
		F1000034 /* HealthFitWatch.app */ = {isa = PBXFileReference; explicitFileType = wrapper.application; includeInIndex = 0; path = HealthFitWatch.app; sourceTree = BUILT_PRODUCTS_DIR; };
		F1000035 /* HealthFit.app */ = {isa = PBXFileReference; explicitFileType = wrapper.application; includeInIndex = 0; path = HealthFit.app; sourceTree = BUILT_PRODUCTS_DIR; };
		F1000036 /* HealthFit.entitlements */ = {isa = PBXFileReference; lastKnownFileType = text.plist.entitlements; path = HealthFit.entitlements; sourceTree = "<group>"; };
		F1000037 /* Info.plist */ = {isa = PBXFileReference; lastKnownFileType = text.plist.xml; path = Info.plist; sourceTree = "<group>"; };
		F1000038 /* WorkoutSummaryView.swift */ = {isa = PBXFileReference; lastKnownFileType = sourcecode.swift; path = WorkoutSummaryView.swift; sourceTree = "<group>"; };
		F1000039 /* MotivationMessages.swift */ = {isa = PBXFileReference; lastKnownFileType = sourcecode.swift; path = MotivationMessages.swift; sourceTree = "<group>"; };
		F1000040 /* WorkoutReportBuilder.swift */ = {isa = PBXFileReference; lastKnownFileType = sourcecode.swift; path = WorkoutReportBuilder.swift; sourceTree = "<group>"; };
		F1000041 /* MailComposeView.swift */ = {isa = PBXFileReference; lastKnownFileType = sourcecode.swift; path = MailComposeView.swift; sourceTree = "<group>"; };
/* End PBXFileReference section */

/* Begin PBXFrameworksBuildPhase section */
		FW100001 /* Frameworks */ = {
			isa = PBXFrameworksBuildPhase;
			buildActionMask = 2147483647;
			files = (
			);
			runOnlyForDeploymentPostprocessing = 0;
		};
		FW100002 /* Frameworks */ = {
			isa = PBXFrameworksBuildPhase;
			buildActionMask = 2147483647;
			files = (
			);
			runOnlyForDeploymentPostprocessing = 0;
		};
/* End PBXFrameworksBuildPhase section */

/* Begin PBXGroup section */
		G1000001 = {
			isa = PBXGroup;
			children = (
				G1000002 /* HealthFit */,
				G1000003 /* HealthFitWatch */,
				G1000004 /* Products */,
			);
			sourceTree = "<group>";
		};
		G1000002 /* HealthFit */ = {
			isa = PBXGroup;
			children = (
				F1000001 /* HealthFitApp.swift */,
				G1000005 /* Models */,
				G1000006 /* Services */,
				G1000007 /* Theme */,
				G1000008 /* Views */,
				F1000029 /* Assets.xcassets */,
				F1000036 /* HealthFit.entitlements */,
				F1000037 /* Info.plist */,
			);
			path = HealthFit;
			sourceTree = "<group>";
		};
		G1000003 /* HealthFitWatch */ = {
			isa = PBXGroup;
			children = (
				F1000030 /* HealthFitWatchApp.swift */,
				F1000031 /* WatchContentView.swift */,
				F1000032 /* WatchWorkoutManager.swift */,
				F1000033 /* Assets.xcassets */,
			);
			path = HealthFitWatch;
			sourceTree = "<group>";
		};
		G1000004 /* Products */ = {
			isa = PBXGroup;
			children = (
				F1000035 /* HealthFit.app */,
				F1000034 /* HealthFitWatch.app */,
			);
			name = Products;
			sourceTree = "<group>";
		};
		G1000005 /* Models */ = {
			isa = PBXGroup;
			children = (
				F1000002 /* UserProfile.swift */,
				F1000003 /* WorkoutModels.swift */,
				F1000004 /* MealModels.swift */,
			);
			path = Models;
			sourceTree = "<group>";
		};
		G1000006 /* Services */ = {
			isa = PBXGroup;
			children = (
				F1000005 /* AuthService.swift */,
				F1000006 /* HealthKitManager.swift */,
				F1000007 /* WorkoutStore.swift */,
				F1000008 /* MealPlanService.swift */,
				F1000009 /* NotificationService.swift */,
				F1000010 /* RestTimerService.swift */,
				F1000011 /* WatchConnectivityManager.swift */,
				F1000012 /* VisionWorkoutService.swift */,
				F1000039 /* MotivationMessages.swift */,
				F1000040 /* WorkoutReportBuilder.swift */,
			);
			path = Services;
			sourceTree = "<group>";
		};
		G1000007 /* Theme */ = {
			isa = PBXGroup;
			children = (
				F1000013 /* AppTheme.swift */,
			);
			path = Theme;
			sourceTree = "<group>";
		};
		G1000008 /* Views */ = {
			isa = PBXGroup;
			children = (
				F1000014 /* RootView.swift */,
				G1000009 /* Auth */,
				G1000010 /* Main */,
				G1000011 /* Dashboard */,
				G1000012 /* Workout */,
				G1000013 /* Camera */,
				G1000014 /* Nutrition */,
				G1000015 /* Profile */,
				G1000016 /* Shared */,
			);
			path = Views;
			sourceTree = "<group>";
		};
		G1000009 /* Auth */ = {
			isa = PBXGroup;
			children = (
				F1000015 /* LoginView.swift */,
				F1000016 /* RegisterView.swift */,
			);
			path = Auth;
			sourceTree = "<group>";
		};
		G1000010 /* Main */ = {
			isa = PBXGroup;
			children = (
				F1000017 /* MainTabView.swift */,
			);
			path = Main;
			sourceTree = "<group>";
		};
		G1000011 /* Dashboard */ = {
			isa = PBXGroup;
			children = (
				F1000018 /* DashboardView.swift */,
				F1000019 /* HealthChartsView.swift */,
			);
			path = Dashboard;
			sourceTree = "<group>";
		};
		G1000012 /* Workout */ = {
			isa = PBXGroup;
			children = (
				F1000020 /* WorkoutListView.swift */,
				F1000021 /* WorkoutDetailView.swift */,
				F1000022 /* ActiveWorkoutView.swift */,
				F1000023 /* CreateWorkoutView.swift */,
				F1000038 /* WorkoutSummaryView.swift */,
			);
			path = Workout;
			sourceTree = "<group>";
		};
		G1000013 /* Camera */ = {
			isa = PBXGroup;
			children = (
				F1000024 /* CameraPreviewView.swift */,
				F1000025 /* VisionWorkoutView.swift */,
			);
			path = Camera;
			sourceTree = "<group>";
		};
		G1000014 /* Nutrition */ = {
			isa = PBXGroup;
			children = (
				F1000026 /* MealPlanView.swift */,
				F1000027 /* ShoppingListView.swift */,
			);
			path = Nutrition;
			sourceTree = "<group>";
		};
		G1000015 /* Profile */ = {
			isa = PBXGroup;
			children = (
				F1000028 /* ProfileView.swift */,
			);
			path = Profile;
			sourceTree = "<group>";
		};
		G1000016 /* Shared */ = {
			isa = PBXGroup;
			children = (
				F1000041 /* MailComposeView.swift */,
			);
			path = Shared;
			sourceTree = "<group>";
		};
/* End PBXGroup section */

/* Begin PBXNativeTarget section */
		T1000001 /* HealthFit */ = {
			isa = PBXNativeTarget;
			buildConfigurationList = BC100001 /* Build configuration list for PBXNativeTarget "HealthFit" */;
			buildPhases = (
				S1000001 /* Sources */,
				FW100001 /* Frameworks */,
				R1000001 /* Resources */,
				CP100001 /* Embed Watch Content */,
			);
			buildRules = (
			);
			dependencies = (
				D1000001 /* PBXTargetDependency */,
			);
			name = HealthFit;
			productName = HealthFit;
			productReference = F1000035 /* HealthFit.app */;
			productType = "com.apple.product-type.application";
		};
		T1000002 /* HealthFitWatch */ = {
			isa = PBXNativeTarget;
			buildConfigurationList = BC100002 /* Build configuration list for PBXNativeTarget "HealthFitWatch" */;
			buildPhases = (
				S1000002 /* Sources */,
				FW100002 /* Frameworks */,
				R1000002 /* Resources */,
			);
			buildRules = (
			);
			dependencies = (
			);
			name = HealthFitWatch;
			productName = HealthFitWatch;
			productReference = F1000034 /* HealthFitWatch.app */;
			productType = "com.apple.product-type.application";
		};
/* End PBXNativeTarget section */

/* Begin PBXProject section */
		P1000001 /* Project object */ = {
			isa = PBXProject;
			attributes = {
				BuildIndependentTargetsInParallel = 1;
				LastSwiftUpdateCheck = 1500;
				LastUpgradeCheck = 2650;
				TargetAttributes = {
					T1000001 = {
						CreatedOnToolsVersion = 15.0;
					};
					T1000002 = {
						CreatedOnToolsVersion = 15.0;
					};
				};
			};
			buildConfigurationList = BC100003 /* Build configuration list for PBXProject "HealthFit" */;
			compatibilityVersion = "Xcode 14.0";
			developmentRegion = pt;
			hasScannedForEncodings = 0;
			knownRegions = (
				en,
				Base,
				pt,
			);
			mainGroup = G1000001;
			productRefGroup = G1000004 /* Products */;
			projectDirPath = "";
			projectRoot = "";
			targets = (
				T1000001 /* HealthFit */,
				T1000002 /* HealthFitWatch */,
			);
		};
/* End PBXProject section */

/* Begin PBXResourcesBuildPhase section */
		R1000001 /* Resources */ = {
			isa = PBXResourcesBuildPhase;
			buildActionMask = 2147483647;
			files = (
				B1000029 /* Assets.xcassets in Resources */,
			);
			runOnlyForDeploymentPostprocessing = 0;
		};
		R1000002 /* Resources */ = {
			isa = PBXResourcesBuildPhase;
			buildActionMask = 2147483647;
			files = (
				B1000033 /* Assets.xcassets in Resources */,
			);
			runOnlyForDeploymentPostprocessing = 0;
		};
/* End PBXResourcesBuildPhase section */

/* Begin PBXSourcesBuildPhase section */
		S1000001 /* Sources */ = {
			isa = PBXSourcesBuildPhase;
			buildActionMask = 2147483647;
			files = (
				B1000001 /* HealthFitApp.swift in Sources */,
				B1000002 /* UserProfile.swift in Sources */,
				B1000003 /* WorkoutModels.swift in Sources */,
				B1000004 /* MealModels.swift in Sources */,
				B1000005 /* AuthService.swift in Sources */,
				B1000006 /* HealthKitManager.swift in Sources */,
				B1000007 /* WorkoutStore.swift in Sources */,
				B1000008 /* MealPlanService.swift in Sources */,
				B1000009 /* NotificationService.swift in Sources */,
				B1000010 /* RestTimerService.swift in Sources */,
				B1000011 /* WatchConnectivityManager.swift in Sources */,
				B1000012 /* VisionWorkoutService.swift in Sources */,
				B1000013 /* AppTheme.swift in Sources */,
				B1000014 /* RootView.swift in Sources */,
				B1000015 /* LoginView.swift in Sources */,
				B1000016 /* RegisterView.swift in Sources */,
				B1000017 /* MainTabView.swift in Sources */,
				B1000018 /* DashboardView.swift in Sources */,
				B1000019 /* HealthChartsView.swift in Sources */,
				B1000020 /* WorkoutListView.swift in Sources */,
				B1000021 /* WorkoutDetailView.swift in Sources */,
				B1000022 /* ActiveWorkoutView.swift in Sources */,
				B1000023 /* CreateWorkoutView.swift in Sources */,
				B1000035 /* WorkoutSummaryView.swift in Sources */,
				B1000036 /* MotivationMessages.swift in Sources */,
				B1000037 /* WorkoutReportBuilder.swift in Sources */,
				B1000039 /* MailComposeView.swift in Sources */,
				B1000024 /* CameraPreviewView.swift in Sources */,
				B1000025 /* VisionWorkoutView.swift in Sources */,
				B1000026 /* MealPlanView.swift in Sources */,
				B1000027 /* ShoppingListView.swift in Sources */,
				B1000028 /* ProfileView.swift in Sources */,
			);
			runOnlyForDeploymentPostprocessing = 0;
		};
		S1000002 /* Sources */ = {
			isa = PBXSourcesBuildPhase;
			buildActionMask = 2147483647;
			files = (
				B1000030 /* HealthFitWatchApp.swift in Sources */,
				B1000031 /* WatchContentView.swift in Sources */,
				B1000032 /* WatchWorkoutManager.swift in Sources */,
			);
			runOnlyForDeploymentPostprocessing = 0;
		};
/* End PBXSourcesBuildPhase section */

/* Begin PBXTargetDependency section */
		D1000001 /* PBXTargetDependency */ = {
			isa = PBXTargetDependency;
			target = T1000002 /* HealthFitWatch */;
			targetProxy = C1000001 /* PBXContainerItemProxy */;
		};
/* End PBXTargetDependency section */

/* Begin XCBuildConfiguration section */
		XC100001 /* Debug */ = {
			isa = XCBuildConfiguration;
			buildSettings = {
				ALWAYS_SEARCH_USER_PATHS = NO;
				ASSETCATALOG_COMPILER_GENERATE_SWIFT_ASSET_SYMBOL_EXTENSIONS = YES;
				CLANG_ANALYZER_LOCALIZABILITY_NONLOCALIZED = YES;
				CLANG_ANALYZER_NONNULL = YES;
				CLANG_ANALYZER_NUMBER_OBJECT_CONVERSION = YES_AGGRESSIVE;
				CLANG_CXX_LANGUAGE_STANDARD = "gnu++20";
				CLANG_ENABLE_MODULES = YES;
				CLANG_ENABLE_OBJC_ARC = YES;
				CLANG_ENABLE_OBJC_WEAK = YES;
				CLANG_WARN_BLOCK_CAPTURE_AUTORELEASING = YES;
				CLANG_WARN_BOOL_CONVERSION = YES;
				CLANG_WARN_COMMA = YES;
				CLANG_WARN_CONSTANT_CONVERSION = YES;
				CLANG_WARN_DEPRECATED_OBJC_IMPLEMENTATIONS = YES;
				CLANG_WARN_DIRECT_OBJC_ISA_USAGE = YES_ERROR;
				CLANG_WARN_DOCUMENTATION_COMMENTS = YES;
				CLANG_WARN_EMPTY_BODY = YES;
				CLANG_WARN_ENUM_CONVERSION = YES;
				CLANG_WARN_INFINITE_RECURSION = YES;
				CLANG_WARN_INT_CONVERSION = YES;
				CLANG_WARN_NON_LITERAL_NULL_CONVERSION = YES;
				CLANG_WARN_OBJC_IMPLICIT_RETAIN_SELF = YES;
				CLANG_WARN_OBJC_LITERAL_CONVERSION = YES;
				CLANG_WARN_OBJC_ROOT_CLASS = YES_ERROR;
				CLANG_WARN_QUOTED_INCLUDE_IN_FRAMEWORK_HEADER = YES;
				CLANG_WARN_RANGE_LOOP_ANALYSIS = YES;
				CLANG_WARN_STRICT_PROTOTYPES = YES;
				CLANG_WARN_SUSPICIOUS_MOVE = YES;
				CLANG_WARN_UNGUARDED_AVAILABILITY = YES_AGGRESSIVE;
				CLANG_WARN_UNREACHABLE_CODE = YES;
				CLANG_WARN__DUPLICATE_METHOD_MATCH = YES;
				COPY_PHASE_STRIP = NO;
				DEBUG_INFORMATION_FORMAT = dwarf;
				DEVELOPMENT_TEAM = 99L25FT5GG;
				ENABLE_STRICT_OBJC_MSGSEND = YES;
				ENABLE_TESTABILITY = YES;
				ENABLE_USER_SCRIPT_SANDBOXING = YES;
				GCC_C_LANGUAGE_STANDARD = gnu17;
				GCC_DYNAMIC_NO_PIC = NO;
				GCC_NO_COMMON_BLOCKS = YES;
				GCC_OPTIMIZATION_LEVEL = 0;
				GCC_PREPROCESSOR_DEFINITIONS = (
					"DEBUG=1",
					"$(inherited)",
				);
				GCC_WARN_64_TO_32_BIT_CONVERSION = YES;
				GCC_WARN_ABOUT_RETURN_TYPE = YES_ERROR;
				GCC_WARN_UNDECLARED_SELECTOR = YES;
				GCC_WARN_UNINITIALIZED_AUTOS = YES_AGGRESSIVE;
				GCC_WARN_UNUSED_FUNCTION = YES;
				GCC_WARN_UNUSED_VARIABLE = YES;
				IPHONEOS_DEPLOYMENT_TARGET = 17.0;
				LOCALIZATION_PREFERS_STRING_CATALOGS = YES;
				MTL_ENABLE_DEBUG_INFO = INCLUDE_SOURCE;
				MTL_FAST_MATH = YES;
				ONLY_ACTIVE_ARCH = YES;
				SDKROOT = iphoneos;
				STRING_CATALOG_GENERATE_SYMBOLS = YES;
				SWIFT_ACTIVE_COMPILATION_CONDITIONS = "DEBUG $(inherited)";
				SWIFT_OPTIMIZATION_LEVEL = "-Onone";
				WATCHOS_DEPLOYMENT_TARGET = 10.0;
			};
			name = Debug;
		};
		XC100002 /* Release */ = {
			isa = XCBuildConfiguration;
			buildSettings = {
				ALWAYS_SEARCH_USER_PATHS = NO;
				ASSETCATALOG_COMPILER_GENERATE_SWIFT_ASSET_SYMBOL_EXTENSIONS = YES;
				CLANG_ANALYZER_LOCALIZABILITY_NONLOCALIZED = YES;
				CLANG_ANALYZER_NONNULL = YES;
				CLANG_ANALYZER_NUMBER_OBJECT_CONVERSION = YES_AGGRESSIVE;
				CLANG_CXX_LANGUAGE_STANDARD = "gnu++20";
				CLANG_ENABLE_MODULES = YES;
				CLANG_ENABLE_OBJC_ARC = YES;
				CLANG_ENABLE_OBJC_WEAK = YES;
				CLANG_WARN_BLOCK_CAPTURE_AUTORELEASING = YES;
				CLANG_WARN_BOOL_CONVERSION = YES;
				CLANG_WARN_COMMA = YES;
				CLANG_WARN_CONSTANT_CONVERSION = YES;
				CLANG_WARN_DEPRECATED_OBJC_IMPLEMENTATIONS = YES;
				CLANG_WARN_DIRECT_OBJC_ISA_USAGE = YES_ERROR;
				CLANG_WARN_DOCUMENTATION_COMMENTS = YES;
				CLANG_WARN_EMPTY_BODY = YES;
				CLANG_WARN_ENUM_CONVERSION = YES;
				CLANG_WARN_INFINITE_RECURSION = YES;
				CLANG_WARN_INT_CONVERSION = YES;
				CLANG_WARN_NON_LITERAL_NULL_CONVERSION = YES;
				CLANG_WARN_OBJC_IMPLICIT_RETAIN_SELF = YES;
				CLANG_WARN_OBJC_LITERAL_CONVERSION = YES;
				CLANG_WARN_OBJC_ROOT_CLASS = YES_ERROR;
				CLANG_WARN_QUOTED_INCLUDE_IN_FRAMEWORK_HEADER = YES;
				CLANG_WARN_RANGE_LOOP_ANALYSIS = YES;
				CLANG_WARN_STRICT_PROTOTYPES = YES;
				CLANG_WARN_SUSPICIOUS_MOVE = YES;
				CLANG_WARN_UNGUARDED_AVAILABILITY = YES_AGGRESSIVE;
				CLANG_WARN_UNREACHABLE_CODE = YES;
				CLANG_WARN__DUPLICATE_METHOD_MATCH = YES;
				COPY_PHASE_STRIP = NO;
				DEBUG_INFORMATION_FORMAT = "dwarf-with-dsym";
				DEVELOPMENT_TEAM = 99L25FT5GG;
				ENABLE_NS_ASSERTIONS = NO;
				ENABLE_STRICT_OBJC_MSGSEND = YES;
				ENABLE_USER_SCRIPT_SANDBOXING = YES;
				GCC_C_LANGUAGE_STANDARD = gnu17;
				GCC_NO_COMMON_BLOCKS = YES;
				GCC_WARN_64_TO_32_BIT_CONVERSION = YES;
				GCC_WARN_ABOUT_RETURN_TYPE = YES_ERROR;
				GCC_WARN_UNDECLARED_SELECTOR = YES;
				GCC_WARN_UNINITIALIZED_AUTOS = YES_AGGRESSIVE;
				GCC_WARN_UNUSED_FUNCTION = YES;
				GCC_WARN_UNUSED_VARIABLE = YES;
				IPHONEOS_DEPLOYMENT_TARGET = 17.0;
				LOCALIZATION_PREFERS_STRING_CATALOGS = YES;
				MTL_ENABLE_DEBUG_INFO = NO;
				MTL_FAST_MATH = YES;
				SDKROOT = iphoneos;
				STRING_CATALOG_GENERATE_SYMBOLS = YES;
				SWIFT_COMPILATION_MODE = wholemodule;
				VALIDATE_PRODUCT = YES;
				WATCHOS_DEPLOYMENT_TARGET = 10.0;
			};
			name = Release;
		};
		XC100003 /* Debug */ = {
			isa = XCBuildConfiguration;
			buildSettings = {
				ASSETCATALOG_COMPILER_APPICON_NAME = AppIcon;
				ASSETCATALOG_COMPILER_GLOBAL_ACCENT_COLOR_NAME = AccentGreen;
				CODE_SIGN_ENTITLEMENTS = HealthFit/HealthFit.entitlements;
				CODE_SIGN_STYLE = Automatic;
				CURRENT_PROJECT_VERSION = 1;
				ENABLE_PREVIEWS = YES;
				GENERATE_INFOPLIST_FILE = YES;
				INFOPLIST_FILE = HealthFit/Info.plist;
				INFOPLIST_KEY_CFBundleDisplayName = HealthFit;
				INFOPLIST_KEY_LSApplicationCategoryType = "public.app-category.healthcare-fitness";
				INFOPLIST_KEY_NSCameraUsageDescription = "HealthFit usa a câmera para reconhecer repetições e analisar sua postura durante os exercícios.";
				INFOPLIST_KEY_NSHealthShareUsageDescription = "HealthFit precisa acessar seus dados de saúde para exibir métricas de desempenho e sincronizar treinos.";
				INFOPLIST_KEY_NSHealthUpdateUsageDescription = "HealthFit salva seus treinos e calorias queimadas no app Saúde.";
				INFOPLIST_KEY_NSPhotoLibraryUsageDescription = "HealthFit precisa acessar suas fotos para definir a imagem do perfil.";
				INFOPLIST_KEY_UIApplicationSceneManifest_Generation = YES;
				INFOPLIST_KEY_UIApplicationSupportsIndirectInputEvents = YES;
				INFOPLIST_KEY_UISupportedInterfaceOrientations = UIInterfaceOrientationPortrait;
				LD_RUNPATH_SEARCH_PATHS = (
					"$(inherited)",
					"@executable_path/Frameworks",
				);
				MARKETING_VERSION = 1.0.0;
				PRODUCT_BUNDLE_IDENTIFIER = luan.com.healthfit.app;
				PRODUCT_NAME = "$(TARGET_NAME)";
				SWIFT_EMIT_LOC_STRINGS = YES;
				SWIFT_VERSION = 5.0;
				TARGETED_DEVICE_FAMILY = "1,2";
			};
			name = Debug;
		};
		XC100004 /* Release */ = {
			isa = XCBuildConfiguration;
			buildSettings = {
				ASSETCATALOG_COMPILER_APPICON_NAME = AppIcon;
				ASSETCATALOG_COMPILER_GLOBAL_ACCENT_COLOR_NAME = AccentGreen;
				CODE_SIGN_ENTITLEMENTS = HealthFit/HealthFit.entitlements;
				CODE_SIGN_STYLE = Automatic;
				CURRENT_PROJECT_VERSION = 1;
				ENABLE_PREVIEWS = YES;
				GENERATE_INFOPLIST_FILE = YES;
				INFOPLIST_FILE = HealthFit/Info.plist;
				INFOPLIST_KEY_CFBundleDisplayName = HealthFit;
				INFOPLIST_KEY_LSApplicationCategoryType = "public.app-category.healthcare-fitness";
				INFOPLIST_KEY_NSCameraUsageDescription = "HealthFit usa a câmera para reconhecer repetições e analisar sua postura durante os exercícios.";
				INFOPLIST_KEY_NSHealthShareUsageDescription = "HealthFit precisa acessar seus dados de saúde para exibir métricas de desempenho e sincronizar treinos.";
				INFOPLIST_KEY_NSHealthUpdateUsageDescription = "HealthFit salva seus treinos e calorias queimadas no app Saúde.";
				INFOPLIST_KEY_NSPhotoLibraryUsageDescription = "HealthFit precisa acessar suas fotos para definir a imagem do perfil.";
				INFOPLIST_KEY_UIApplicationSceneManifest_Generation = YES;
				INFOPLIST_KEY_UIApplicationSupportsIndirectInputEvents = YES;
				INFOPLIST_KEY_UISupportedInterfaceOrientations = UIInterfaceOrientationPortrait;
				LD_RUNPATH_SEARCH_PATHS = (
					"$(inherited)",
					"@executable_path/Frameworks",
				);
				MARKETING_VERSION = 1.0.0;
				PRODUCT_BUNDLE_IDENTIFIER = luan.com.healthfit.app;
				PRODUCT_NAME = "$(TARGET_NAME)";
				SWIFT_EMIT_LOC_STRINGS = YES;
				SWIFT_VERSION = 5.0;
				TARGETED_DEVICE_FAMILY = "1,2";
			};
			name = Release;
		};
		XC100005 /* Debug */ = {
			isa = XCBuildConfiguration;
			buildSettings = {
				ASSETCATALOG_COMPILER_APPICON_NAME = AppIcon;
				ASSETCATALOG_COMPILER_GLOBAL_ACCENT_COLOR_NAME = AccentGreen;
				CODE_SIGN_STYLE = Automatic;
				CURRENT_PROJECT_VERSION = 1;
				ENABLE_PREVIEWS = YES;
				GENERATE_INFOPLIST_FILE = YES;
				INFOPLIST_KEY_CFBundleDisplayName = HealthFit;
				INFOPLIST_KEY_UISupportedInterfaceOrientations = "UIInterfaceOrientationPortrait UIInterfaceOrientationPortraitUpsideDown";
				INFOPLIST_KEY_WKCompanionAppBundleIdentifier = luan.com.healthfit.app;
				LD_RUNPATH_SEARCH_PATHS = (
					"$(inherited)",
					"@executable_path/Frameworks",
				);
				MARKETING_VERSION = 1.0.0;
				PRODUCT_BUNDLE_IDENTIFIER = luan.com.healthfit.app.watchkitapp;
				PRODUCT_NAME = "$(TARGET_NAME)";
				SDKROOT = watchos;
				SKIP_INSTALL = YES;
				SWIFT_EMIT_LOC_STRINGS = YES;
				SWIFT_VERSION = 5.0;
				TARGETED_DEVICE_FAMILY = 4;
				WATCHOS_DEPLOYMENT_TARGET = 10.0;
			};
			name = Debug;
		};
		XC100006 /* Release */ = {
			isa = XCBuildConfiguration;
			buildSettings = {
				ASSETCATALOG_COMPILER_APPICON_NAME = AppIcon;
				ASSETCATALOG_COMPILER_GLOBAL_ACCENT_COLOR_NAME = AccentGreen;
				CODE_SIGN_STYLE = Automatic;
				CURRENT_PROJECT_VERSION = 1;
				ENABLE_PREVIEWS = YES;
				GENERATE_INFOPLIST_FILE = YES;
				INFOPLIST_KEY_CFBundleDisplayName = HealthFit;
				INFOPLIST_KEY_UISupportedInterfaceOrientations = "UIInterfaceOrientationPortrait UIInterfaceOrientationPortraitUpsideDown";
				INFOPLIST_KEY_WKCompanionAppBundleIdentifier = luan.com.healthfit.app;
				LD_RUNPATH_SEARCH_PATHS = (
					"$(inherited)",
					"@executable_path/Frameworks",
				);
				MARKETING_VERSION = 1.0.0;
				PRODUCT_BUNDLE_IDENTIFIER = luan.com.healthfit.app.watchkitapp;
				PRODUCT_NAME = "$(TARGET_NAME)";
				SDKROOT = watchos;
				SKIP_INSTALL = YES;
				SWIFT_EMIT_LOC_STRINGS = YES;
				SWIFT_VERSION = 5.0;
				TARGETED_DEVICE_FAMILY = 4;
				VALIDATE_PRODUCT = YES;
				WATCHOS_DEPLOYMENT_TARGET = 10.0;
			};
			name = Release;
		};
/* End XCBuildConfiguration section */

/* Begin XCConfigurationList section */
		BC100001 /* Build configuration list for PBXNativeTarget "HealthFit" */ = {
			isa = XCConfigurationList;
			buildConfigurations = (
				XC100003 /* Debug */,
				XC100004 /* Release */,
			);
			defaultConfigurationIsVisible = 0;
			defaultConfigurationName = Release;
		};
		BC100002 /* Build configuration list for PBXNativeTarget "HealthFitWatch" */ = {
			isa = XCConfigurationList;
			buildConfigurations = (
				XC100005 /* Debug */,
				XC100006 /* Release */,
			);
			defaultConfigurationIsVisible = 0;
			defaultConfigurationName = Release;
		};
		BC100003 /* Build configuration list for PBXProject "HealthFit" */ = {
			isa = XCConfigurationList;
			buildConfigurations = (
				XC100001 /* Debug */,
				XC100002 /* Release */,
			);
			defaultConfigurationIsVisible = 0;
			defaultConfigurationName = Release;
		};
/* End XCConfigurationList section */
	};
	rootObject = P1000001 /* Project object */;
}
